// !$*UTF8*$!
{
	archiveVersion = 1;
	classes = {
	};
	objectVersion = 54;
	objects = {

/* Begin PBXBuildFile section */
		17C44BF39806A70427BDF42F /* libffi.xcframework in Frameworks */ = {isa = PBXBuildFile; fileRef = 1FB04B7EA3C876EC6937C135 /* libffi.xcframework */; };
		1A5D42A5944627142BF1A1E2 /* libbz2.tbd in Frameworks */ = {isa = PBXBuildFile; fileRef = 304B44DFB60F5D32DE4BBE7C /* libbz2.tbd */; };
		1D784C868992760B84A01FF7 /* Accelerate.framework in Frameworks */ = {isa = PBXBuildFile; fileRef = EF4A4BCF89F49D2ABB85381E /* Accelerate.framework */; };
		23354BB58FC13590641FBB9A /* libSDL2.xcframework in Frameworks */ = {isa = PBXBuildFile; fileRef = 0A154B7BBEB540B4BE67BC26 /* libSDL2.xcframework */; };
		25EE4AA0A91DC71A54A354D0 /* OpenGLES.framework in Frameworks */ = {isa = PBXBuildFile; fileRef = AD05458E9280736ED81E35E9 /* OpenGLES.framework */; };
		2B4C48D5A50063FEC9AADD0C /* libSDL2_mixer.xcframework in Frameworks */ = {isa = PBXBuildFile; fileRef = 62DB432AA65E95D97805274E /* libSDL2_mixer.xcframework */; };
		2FC44C199716C42174242A49 /* UIKit.framework in Frameworks */ = {isa = PBXBuildFile; fileRef = CC434B4AAB988B109280FB0F /* UIKit.framework */; };
		3AFB422CBCE2616820ED8064 /* libsqlite3.tbd in Frameworks */ = {isa = PBXBuildFile; fileRef = DC164C8E8FD158A6AD40EA78 /* libsqlite3.tbd */; };
		406948FE8BA9D606CE23C4EF /* WebKit.framework in Frameworks */ = {isa = PBXBuildFile; fileRef = C2984AE6A5A5779CEF84A2B6 /* WebKit.framework */; };
		49174F2C9FC2CA56C126A97E /* AVFoundation.framework in Frameworks */ = {isa = PBXBuildFile; fileRef = 8D4F4D3F8A4529479D185354 /* AVFoundation.framework */; };
		52764F05A5A39160AAEA807A /* libSDL2_ttf.xcframework in Frameworks */ = {isa = PBXBuildFile; fileRef = 8E394EE39361EC1396512A81 /* libSDL2_ttf.xcframework */; };
		57864152BE9D2FA8EDE7784B /* CoreMotion.framework in Frameworks */ = {isa = PBXBuildFile; fileRef = 67354D2F891B93DBE79147CC /* CoreMotion.framework */; };
		57A74D4E97671098A8D829BC /* MobileCoreServices.framework in Frameworks */ = {isa = PBXBuildFile; fileRef = C5754F99841DA55E0AB33AD5 /* MobileCoreServices.framework */; };
		69624BC28F4F72FF30312E22 /* Metal.framework in Frameworks */ = {isa = PBXBuildFile; fileRef = 12C8415DA17D112661A0857D /* Metal.framework */; };
		6E924946A884F2407A7BAB8D /* CoreHaptics.framework in Frameworks */ = {isa = PBXBuildFile; fileRef = 01E74F27BB05256AEBF21DCE /* CoreHaptics.framework */; };
		7F284FA09C9AB4922B1928FD /* Photos.framework in Frameworks */ = {isa = PBXBuildFile; fileRef = 383945149FAF7C299BFDF71B /* Photos.framework */; };
		82B349008297269C5F13C7B7 /* libpng16.xcframework in Frameworks */ = {isa = PBXBuildFile; fileRef = 31C0465FB706326825ACEE04 /* libpng16.xcframework */; };
		89E04A2284E6FC13DB666BFA /* libpython3.11.xcframework in Frameworks */ = {isa = PBXBuildFile; fileRef = 87D04249802EB53CBDA7B009 /* libpython3.11.xcframework */; };
		89E84AA4A03F95C81DB32A46 /* libkivy.xcframework in Frameworks */ = {isa = PBXBuildFile; fileRef = 34DF4BB4A322253470F5344F /* libkivy.xcframework */; };
		8BA125802B82360300CA31AF /* lib in Resources */ = {isa = PBXBuildFile; fileRef = 8BA1257F2B82360300CA31AF /* lib */; };
		8BA125822B82361A00CA31AF /* include in Resources */ = {isa = PBXBuildFile; fileRef = 8BA125812B82361A00CA31AF /* include */; };
		8BA125A22B8242E000CA31AF /* Assets.xcassets in Resources */ = {isa = PBXBuildFile; fileRef = 8BA1259A2B8242E000CA31AF /* Assets.xcassets */; };
		8BA125A32B8242E000CA31AF /* iOSApp.swift in Sources */ = {isa = PBXBuildFile; fileRef = 8BA1259B2B8242E000CA31AF /* iOSApp.swift */; };
		8BA125A42B8242E000CA31AF /* Preview Assets.xcassets in Resources */ = {isa = PBXBuildFile; fileRef = 8BA1259D2B8242E000CA31AF /* Preview Assets.xcassets */; };
		8BA125A72B8242E000CA31AF /* ContentView.swift in Sources */ = {isa = PBXBuildFile; fileRef = 8BA125A12B8242E000CA31AF /* ContentView.swift */; };
		8BA125A92B82431800CA31AF /* Binary in Resources */ = {isa = PBXBuildFile; fileRef = 8BA125A82B82431800CA31AF /* Binary */; };
		8BA125B12B8301AF00CA31AF /* PyFFI.swift in Sources */ = {isa = PBXBuildFile; fileRef = 8BA125B02B8301AF00CA31AF /* PyFFI.swift */; };
		8BB963C72B841238008DF783 /* bridge.m in Sources */ = {isa = PBXBuildFile; fileRef = 8BB963C62B841238008DF783 /* bridge.m */; };
		8EBD4D6891705CDA29A696C8 /* libz.tbd in Frameworks */ = {isa = PBXBuildFile; fileRef = 6E6C4D8FB59E18D458AD8A64 /* libz.tbd */; };
		8F794863A7A8B1D59200C584 /* CoreVideo.framework in Frameworks */ = {isa = PBXBuildFile; fileRef = 2A704DF3BF7C1468C71ECA1A /* CoreVideo.framework */; };
		9F23489A83D2830C5DB8D318 /* libSDL2_image.xcframework in Frameworks */ = {isa = PBXBuildFile; fileRef = 32B94B5EB2AC3BD23F5EB6EA /* libSDL2_image.xcframework */; };
		A2854CD2B0E49221D7A6519E /* AudioToolbox.framework in Frameworks */ = {isa = PBXBuildFile; fileRef = 2FC54BC4B679FFEE3DE67305 /* AudioToolbox.framework */; };
		BE884EEABA5685431411584F /* ImageIO.framework in Frameworks */ = {isa = PBXBuildFile; fileRef = 629944FB86A58C43585FAECF /* ImageIO.framework */; };
		C190406E9725E1B9252797B1 /* MessageUI.framework in Frameworks */ = {isa = PBXBuildFile; fileRef = 05D7429494256471536B655B /* MessageUI.framework */; };
		C58F42D899E3157AB60071D9 /* libssl.xcframework in Frameworks */ = {isa = PBXBuildFile; fileRef = 754B4B6986717FD9AE02E446 /* libssl.xcframework */; };
		D1F8464A9100780F53D47A5F /* libc++.tbd in Frameworks */ = {isa = PBXBuildFile; fileRef = A67047FBA215E86E1110D14B /* libc++.tbd */; };
		D34146FAA2E6ABE50DDEEFA4 /* libcrypto.xcframework in Frameworks */ = {isa = PBXBuildFile; fileRef = 3FF442348DB5DD8FCF7129FC /* libcrypto.xcframework */; };
		D83047069B7B6E9FDF7C9D5E /* CoreGraphics.framework in Frameworks */ = {isa = PBXBuildFile; fileRef = 491C49009814EEDE01318245 /* CoreGraphics.framework */; };
		DD8E4ED4BA81E4CDCF6CBEF5 /* QuartzCore.framework in Frameworks */ = {isa = PBXBuildFile; fileRef = A0F44E0BA15324CB1A7B039C /* QuartzCore.framework */; };
		E52A49E99627E2EEC258EC9B /* libpyobjus.xcframework in Frameworks */ = {isa = PBXBuildFile; fileRef = A2B443CAAD1ED677D1BA05C4 /* libpyobjus.xcframework */; };
		F0BE416491121372AA85A0D6 /* CoreMedia.framework in Frameworks */ = {isa = PBXBuildFile; fileRef = 144A44C2B9A01FBDD1B55CA9 /* CoreMedia.framework */; };
		F55445BAA7492872DFB316D8 /* libios.xcframework in Frameworks */ = {isa = PBXBuildFile; fileRef = 78464C36BBFE7D9FB4BAB0C3 /* libios.xcframework */; };
		FE0249CBA73049BC5DB30792 /* GameController.framework in Frameworks */ = {isa = PBXBuildFile; fileRef = B1024479B47DF445A33CD27F /* GameController.framework */; };
/* End PBXBuildFile section */

/* Begin PBXFileReference section */
		01E74F27BB05256AEBF21DCE /* CoreHaptics.framework */ = {isa = PBXFileReference; lastKnownFileType = wrapper.framework; path = CoreHaptics.framework; sourceTree = DEVELOPER_DIR; };
		05D7429494256471536B655B /* MessageUI.framework */ = {isa = PBXFileReference; lastKnownFileType = wrapper.framework; path = MessageUI.framework; sourceTree = DEVELOPER_DIR; };
		0A154B7BBEB540B4BE67BC26 /* libSDL2.xcframework */ = {isa = PBXFileReference; lastKnownFileType = wrapper.xcframework; name = libSDL2.xcframework; path = ../dist/xcframework/libSDL2.xcframework; sourceTree = SOURCE_ROOT; };
		12C8415DA17D112661A0857D /* Metal.framework */ = {isa = PBXFileReference; lastKnownFileType = wrapper.framework; path = Metal.framework; sourceTree = DEVELOPER_DIR; };
		144A44C2B9A01FBDD1B55CA9 /* CoreMedia.framework */ = {isa = PBXFileReference; lastKnownFileType = wrapper.framework; path = CoreMedia.framework; sourceTree = DEVELOPER_DIR; };
		1FB04B7EA3C876EC6937C135 /* libffi.xcframework */ = {isa = PBXFileReference; lastKnownFileType = wrapper.xcframework; name = libffi.xcframework; path = ../dist/xcframework/libffi.xcframework; sourceTree = SOURCE_ROOT; };
		2A704DF3BF7C1468C71ECA1A /* CoreVideo.framework */ = {isa = PBXFileReference; lastKnownFileType = wrapper.framework; path = CoreVideo.framework; sourceTree = DEVELOPER_DIR; };
		2FC54BC4B679FFEE3DE67305 /* AudioToolbox.framework */ = {isa = PBXFileReference; lastKnownFileType = wrapper.framework; path = AudioToolbox.framework; sourceTree = DEVELOPER_DIR; };
		304B44DFB60F5D32DE4BBE7C /* libbz2.tbd */ = {isa = PBXFileReference; lastKnownFileType = "sourcecode.text-based-dylib-definition"; path = libbz2.tbd; sourceTree = DEVELOPER_DIR; };
		31C0465FB706326825ACEE04 /* libpng16.xcframework */ = {isa = PBXFileReference; lastKnownFileType = wrapper.xcframework; name = libpng16.xcframework; path = ../dist/xcframework/libpng16.xcframework; sourceTree = SOURCE_ROOT; };
		32B94B5EB2AC3BD23F5EB6EA /* libSDL2_image.xcframework */ = {isa = PBXFileReference; lastKnownFileType = wrapper.xcframework; name = libSDL2_image.xcframework; path = ../dist/xcframework/libSDL2_image.xcframework; sourceTree = SOURCE_ROOT; };
		34DF4BB4A322253470F5344F /* libkivy.xcframework */ = {isa = PBXFileReference; lastKnownFileType = wrapper.xcframework; name = libkivy.xcframework; path = ../dist/xcframework/libkivy.xcframework; sourceTree = SOURCE_ROOT; };
		383945149FAF7C299BFDF71B /* Photos.framework */ = {isa = PBXFileReference; lastKnownFileType = wrapper.framework; path = Photos.framework; sourceTree = DEVELOPER_DIR; };
		3FF442348DB5DD8FCF7129FC /* libcrypto.xcframework */ = {isa = PBXFileReference; lastKnownFileType = wrapper.xcframework; name = libcrypto.xcframework; path = ../dist/xcframework/libcrypto.xcframework; sourceTree = SOURCE_ROOT; };
		491C49009814EEDE01318245 /* CoreGraphics.framework */ = {isa = PBXFileReference; lastKnownFileType = wrapper.framework; path = CoreGraphics.framework; sourceTree = DEVELOPER_DIR; };
		629944FB86A58C43585FAECF /* ImageIO.framework */ = {isa = PBXFileReference; lastKnownFileType = wrapper.framework; path = ImageIO.framework; sourceTree = DEVELOPER_DIR; };
		62DB432AA65E95D97805274E /* libSDL2_mixer.xcframework */ = {isa = PBXFileReference; lastKnownFileType = wrapper.xcframework; name = libSDL2_mixer.xcframework; path = ../dist/xcframework/libSDL2_mixer.xcframework; sourceTree = SOURCE_ROOT; };
		67354D2F891B93DBE79147CC /* CoreMotion.framework */ = {isa = PBXFileReference; lastKnownFileType = wrapper.framework; path = CoreMotion.framework; sourceTree = DEVELOPER_DIR; };
		6E6C4D8FB59E18D458AD8A64 /* libz.tbd */ = {isa = PBXFileReference; lastKnownFileType = "sourcecode.text-based-dylib-definition"; path = libz.tbd; sourceTree = DEVELOPER_DIR; };
		754B4B6986717FD9AE02E446 /* libssl.xcframework */ = {isa = PBXFileReference; lastKnownFileType = wrapper.xcframework; name = libssl.xcframework; path = ../dist/xcframework/libssl.xcframework; sourceTree = SOURCE_ROOT; };
		7555FF7B242A565900829871 /* iosApp.app */ = {isa = PBXFileReference; explicitFileType = wrapper.application; includeInIndex = 0; path = iosApp.app; sourceTree = BUILT_PRODUCTS_DIR; };
		7555FF8C242A565B00829871 /* Info.plist */ = {isa = PBXFileReference; lastKnownFileType = text.plist.xml; path = Info.plist; sourceTree = "<group>"; };
		78464C36BBFE7D9FB4BAB0C3 /* libios.xcframework */ = {isa = PBXFileReference; lastKnownFileType = wrapper.xcframework; name = libios.xcframework; path = ../dist/xcframework/libios.xcframework; sourceTree = SOURCE_ROOT; };
		87D04249802EB53CBDA7B009 /* libpython3.11.xcframework */ = {isa = PBXFileReference; lastKnownFileType = wrapper.xcframework; name = libpython3.11.xcframework; path = ../dist/xcframework/libpython3.11.xcframework; sourceTree = SOURCE_ROOT; };
		8BA1257F2B82360300CA31AF /* lib */ = {isa = PBXFileReference; lastKnownFileType = folder; name = lib; path = ../dist/root/python3/lib; sourceTree = "<group>"; };
		8BA125812B82361A00CA31AF /* include */ = {isa = PBXFileReference; lastKnownFileType = folder; name = include; path = ../dist/root/python3/include; sourceTree = "<group>"; };
		8BA1259A2B8242E000CA31AF /* Assets.xcassets */ = {isa = PBXFileReference; lastKnownFileType = folder.assetcatalog; path = Assets.xcassets; sourceTree = "<group>"; };
		8BA1259B2B8242E000CA31AF /* iOSApp.swift */ = {isa = PBXFileReference; fileEncoding = 4; lastKnownFileType = sourcecode.swift; path = iOSApp.swift; sourceTree = "<group>"; };
		8BA1259D2B8242E000CA31AF /* Preview Assets.xcassets */ = {isa = PBXFileReference; lastKnownFileType = folder.assetcatalog; path = "Preview Assets.xcassets"; sourceTree = "<group>"; };
		8BA125A12B8242E000CA31AF /* ContentView.swift */ = {isa = PBXFileReference; fileEncoding = 4; lastKnownFileType = sourcecode.swift; path = ContentView.swift; sourceTree = "<group>"; };
		8BA125A82B82431800CA31AF /* Binary */ = {isa = PBXFileReference; lastKnownFileType = folder; path = Binary; sourceTree = "<group>"; };
		8BA125AD2B82454C00CA31AF /* iosApp-Bridging-Header.h */ = {isa = PBXFileReference; lastKnownFileType = sourcecode.c.h; path = "iosApp-Bridging-Header.h"; sourceTree = "<group>"; };
		8BA125B02B8301AF00CA31AF /* PyFFI.swift */ = {isa = PBXFileReference; lastKnownFileType = sourcecode.swift; path = PyFFI.swift; sourceTree = "<group>"; };
		8BB963C52B841232008DF783 /* bridge.h */ = {isa = PBXFileReference; fileEncoding = 4; lastKnownFileType = sourcecode.c.h; path = bridge.h; sourceTree = "<group>"; };
		8BB963C62B841238008DF783 /* bridge.m */ = {isa = PBXFileReference; fileEncoding = 4; lastKnownFileType = sourcecode.c.objc; path = bridge.m; sourceTree = "<group>"; };
		8D4F4D3F8A4529479D185354 /* AVFoundation.framework */ = {isa = PBXFileReference; lastKnownFileType = wrapper.framework; path = AVFoundation.framework; sourceTree = DEVELOPER_DIR; };
		8E394EE39361EC1396512A81 /* libSDL2_ttf.xcframework */ = {isa = PBXFileReference; lastKnownFileType = wrapper.xcframework; name = libSDL2_ttf.xcframework; path = ../dist/xcframework/libSDL2_ttf.xcframework; sourceTree = SOURCE_ROOT; };
		A0F44E0BA15324CB1A7B039C /* QuartzCore.framework */ = {isa = PBXFileReference; lastKnownFileType = wrapper.framework; path = QuartzCore.framework; sourceTree = DEVELOPER_DIR; };
		A2B443CAAD1ED677D1BA05C4 /* libpyobjus.xcframework */ = {isa = PBXFileReference; lastKnownFileType = wrapper.xcframework; name = libpyobjus.xcframework; path = ../dist/xcframework/libpyobjus.xcframework; sourceTree = SOURCE_ROOT; };
		A67047FBA215E86E1110D14B /* libc++.tbd */ = {isa = PBXFileReference; lastKnownFileType = "sourcecode.text-based-dylib-definition"; path = "libc++.tbd"; sourceTree = DEVELOPER_DIR; };
		AD05458E9280736ED81E35E9 /* OpenGLES.framework */ = {isa = PBXFileReference; lastKnownFileType = wrapper.framework; path = OpenGLES.framework; sourceTree = DEVELOPER_DIR; };
		B1024479B47DF445A33CD27F /* GameController.framework */ = {isa = PBXFileReference; lastKnownFileType = wrapper.framework; path = GameController.framework; sourceTree = DEVELOPER_DIR; };
		C2984AE6A5A5779CEF84A2B6 /* WebKit.framework */ = {isa = PBXFileReference; lastKnownFileType = wrapper.framework; path = WebKit.framework; sourceTree = DEVELOPER_DIR; };
		C5754F99841DA55E0AB33AD5 /* MobileCoreServices.framework */ = {isa = PBXFileReference; lastKnownFileType = wrapper.framework; path = MobileCoreServices.framework; sourceTree = DEVELOPER_DIR; };
		CC434B4AAB988B109280FB0F /* UIKit.framework */ = {isa = PBXFileReference; lastKnownFileType = wrapper.framework; path = UIKit.framework; sourceTree = DEVELOPER_DIR; };
		DC164C8E8FD158A6AD40EA78 /* libsqlite3.tbd */ = {isa = PBXFileReference; lastKnownFileType = "sourcecode.text-based-dylib-definition"; path = libsqlite3.tbd; sourceTree = DEVELOPER_DIR; };
		EF4A4BCF89F49D2ABB85381E /* Accelerate.framework */ = {isa = PBXFileReference; lastKnownFileType = wrapper.framework; path = Accelerate.framework; sourceTree = DEVELOPER_DIR; };
/* End PBXFileReference section */

/* Begin PBXFrameworksBuildPhase section */
		7555FF78242A565900829871 /* Frameworks */ = {
			isa = PBXFrameworksBuildPhase;
			buildActionMask = 2147483647;
			files = (
				1D784C868992760B84A01FF7 /* Accelerate.framework in Frameworks */,
				BE884EEABA5685431411584F /* ImageIO.framework in Frameworks */,
				7F284FA09C9AB4922B1928FD /* Photos.framework in Frameworks */,
				F0BE416491121372AA85A0D6 /* CoreMedia.framework in Frameworks */,
				D83047069B7B6E9FDF7C9D5E /* CoreGraphics.framework in Frameworks */,
				49174F2C9FC2CA56C126A97E /* AVFoundation.framework in Frameworks */,
				57A74D4E97671098A8D829BC /* MobileCoreServices.framework in Frameworks */,
				25EE4AA0A91DC71A54A354D0 /* OpenGLES.framework in Frameworks */,
				8F794863A7A8B1D59200C584 /* CoreVideo.framework in Frameworks */,
				FE0249CBA73049BC5DB30792 /* GameController.framework in Frameworks */,
				2FC44C199716C42174242A49 /* UIKit.framework in Frameworks */,
				C190406E9725E1B9252797B1 /* MessageUI.framework in Frameworks */,
				57864152BE9D2FA8EDE7784B /* CoreMotion.framework in Frameworks */,
				A2854CD2B0E49221D7A6519E /* AudioToolbox.framework in Frameworks */,
				69624BC28F4F72FF30312E22 /* Metal.framework in Frameworks */,
				6E924946A884F2407A7BAB8D /* CoreHaptics.framework in Frameworks */,
				406948FE8BA9D606CE23C4EF /* WebKit.framework in Frameworks */,
				DD8E4ED4BA81E4CDCF6CBEF5 /* QuartzCore.framework in Frameworks */,
				1A5D42A5944627142BF1A1E2 /* libbz2.tbd in Frameworks */,
				3AFB422CBCE2616820ED8064 /* libsqlite3.tbd in Frameworks */,
				8EBD4D6891705CDA29A696C8 /* libz.tbd in Frameworks */,
				D1F8464A9100780F53D47A5F /* libc++.tbd in Frameworks */,
				D34146FAA2E6ABE50DDEEFA4 /* libcrypto.xcframework in Frameworks */,
				82B349008297269C5F13C7B7 /* libpng16.xcframework in Frameworks */,
				C58F42D899E3157AB60071D9 /* libssl.xcframework in Frameworks */,
				E52A49E99627E2EEC258EC9B /* libpyobjus.xcframework in Frameworks */,
				17C44BF39806A70427BDF42F /* libffi.xcframework in Frameworks */,
				9F23489A83D2830C5DB8D318 /* libSDL2_image.xcframework in Frameworks */,
				89E04A2284E6FC13DB666BFA /* libpython3.11.xcframework in Frameworks */,
				89E84AA4A03F95C81DB32A46 /* libkivy.xcframework in Frameworks */,
				23354BB58FC13590641FBB9A /* libSDL2.xcframework in Frameworks */,
				2B4C48D5A50063FEC9AADD0C /* libSDL2_mixer.xcframework in Frameworks */,
				F55445BAA7492872DFB316D8 /* libios.xcframework in Frameworks */,
				52764F05A5A39160AAEA807A /* libSDL2_ttf.xcframework in Frameworks */,
			);
			runOnlyForDeploymentPostprocessing = 0;
		};
/* End PBXFrameworksBuildPhase section */

/* Begin PBXGroup section */
		7555FF72242A565900829871 = {
			isa = PBXGroup;
			children = (
				8BA117632B822C9200CA31AF /* Sources */,
				7555FF8C242A565B00829871 /* Info.plist */,
				7555FF7C242A565900829871 /* Products */,
				7555FFB0242A642200829871 /* Frameworks */,
				B6BC4C52BCD90B93D9B40860 /* Classes */,
			);
			sourceTree = "<group>";
		};
		7555FF7C242A565900829871 /* Products */ = {
			isa = PBXGroup;
			children = (
				7555FF7B242A565900829871 /* iosApp.app */,
			);
			name = Products;
			sourceTree = "<group>";
		};
		7555FFB0242A642200829871 /* Frameworks */ = {
			isa = PBXGroup;
			children = (
				EF4A4BCF89F49D2ABB85381E /* Accelerate.framework */,
				629944FB86A58C43585FAECF /* ImageIO.framework */,
				383945149FAF7C299BFDF71B /* Photos.framework */,
				144A44C2B9A01FBDD1B55CA9 /* CoreMedia.framework */,
				491C49009814EEDE01318245 /* CoreGraphics.framework */,
				8D4F4D3F8A4529479D185354 /* AVFoundation.framework */,
				C5754F99841DA55E0AB33AD5 /* MobileCoreServices.framework */,
				AD05458E9280736ED81E35E9 /* OpenGLES.framework */,
				2A704DF3BF7C1468C71ECA1A /* CoreVideo.framework */,
				B1024479B47DF445A33CD27F /* GameController.framework */,
				CC434B4AAB988B109280FB0F /* UIKit.framework */,
				05D7429494256471536B655B /* MessageUI.framework */,
				67354D2F891B93DBE79147CC /* CoreMotion.framework */,
				2FC54BC4B679FFEE3DE67305 /* AudioToolbox.framework */,
				12C8415DA17D112661A0857D /* Metal.framework */,
				01E74F27BB05256AEBF21DCE /* CoreHaptics.framework */,
				C2984AE6A5A5779CEF84A2B6 /* WebKit.framework */,
				A0F44E0BA15324CB1A7B039C /* QuartzCore.framework */,
				304B44DFB60F5D32DE4BBE7C /* libbz2.tbd */,
				DC164C8E8FD158A6AD40EA78 /* libsqlite3.tbd */,
				6E6C4D8FB59E18D458AD8A64 /* libz.tbd */,
				A67047FBA215E86E1110D14B /* libc++.tbd */,
				3FF442348DB5DD8FCF7129FC /* libcrypto.xcframework */,
				31C0465FB706326825ACEE04 /* libpng16.xcframework */,
				754B4B6986717FD9AE02E446 /* libssl.xcframework */,
				A2B443CAAD1ED677D1BA05C4 /* libpyobjus.xcframework */,
				1FB04B7EA3C876EC6937C135 /* libffi.xcframework */,
				32B94B5EB2AC3BD23F5EB6EA /* libSDL2_image.xcframework */,
				87D04249802EB53CBDA7B009 /* libpython3.11.xcframework */,
				34DF4BB4A322253470F5344F /* libkivy.xcframework */,
				0A154B7BBEB540B4BE67BC26 /* libSDL2.xcframework */,
				62DB432AA65E95D97805274E /* libSDL2_mixer.xcframework */,
				78464C36BBFE7D9FB4BAB0C3 /* libios.xcframework */,
				8E394EE39361EC1396512A81 /* libSDL2_ttf.xcframework */,
			);
			name = Frameworks;
			sourceTree = "<group>";
		};
		8BA117632B822C9200CA31AF /* Sources */ = {
			isa = PBXGroup;
			children = (
				8BA125982B8242E000CA31AF /* iosApp */,
				8BA125812B82361A00CA31AF /* include */,
				8BA1257F2B82360300CA31AF /* lib */,
			);
			name = Sources;
			sourceTree = "<group>";
		};
		8BA125982B8242E000CA31AF /* iosApp */ = {
			isa = PBXGroup;
			children = (
				8BA125A82B82431800CA31AF /* Binary */,
				8BA1259A2B8242E000CA31AF /* Assets.xcassets */,
				8BA1259B2B8242E000CA31AF /* iOSApp.swift */,
				8BA1259C2B8242E000CA31AF /* Preview Content */,
				8BA125A12B8242E000CA31AF /* ContentView.swift */,
				8BA125AD2B82454C00CA31AF /* iosApp-Bridging-Header.h */,
				8BA125B02B8301AF00CA31AF /* PyFFI.swift */,
			);
			path = iosApp;
			sourceTree = "<group>";
		};
		8BA1259C2B8242E000CA31AF /* Preview Content */ = {
			isa = PBXGroup;
			children = (
				8BA1259D2B8242E000CA31AF /* Preview Assets.xcassets */,
			);
			path = "Preview Content";
			sourceTree = "<group>";
		};
		B6BC4C52BCD90B93D9B40860 /* Classes */ = {
			isa = PBXGroup;
			children = (
				8BB963C62B841238008DF783 /* bridge.m */,
				8BB963C52B841232008DF783 /* bridge.h */,
			);
			name = Classes;
			sourceTree = "<group>";
		};
/* End PBXGroup section */

/* Begin PBXNativeTarget section */
		7555FF7A242A565900829871 /* iosApp */ = {
			isa = PBXNativeTarget;
			buildConfigurationList = 7555FFA5242A565B00829871 /* Build configuration list for PBXNativeTarget "iosApp" */;
			buildPhases = (
				7555FFB5242A651A00829871 /* ShellScript */,
				8BA117682B822E2E00CA31AF /* ShellScript */,
				8BA1176A2B822E4300CA31AF /* ShellScript */,
				8BA1176B2B822E4500CA31AF /* ShellScript */,
				7555FF79242A565900829871 /* Resources */,
				7555FF77242A565900829871 /* Sources */,
				7555FF78242A565900829871 /* Frameworks */,
			);
			buildRules = (
			);
			dependencies = (
			);
			name = iosApp;
			productName = iosApp;
			productReference = 7555FF7B242A565900829871 /* iosApp.app */;
			productType = "com.apple.product-type.application";
		};
/* End PBXNativeTarget section */

/* Begin PBXProject section */
		7555FF73242A565900829871 /* Project object */ = {
			isa = PBXProject;
			attributes = {
				BuildIndependentTargetsInParallel = YES;
				LastSwiftUpdateCheck = 1130;
				LastUpgradeCheck = 1520;
				ORGANIZATIONNAME = orgName;
				TargetAttributes = {
					7555FF7A242A565900829871 = {
						CreatedOnToolsVersion = 11.3.1;
						LastSwiftMigration = 1520;
					};
				};
			};
			buildConfigurationList = 7555FF76242A565900829871 /* Build configuration list for PBXProject "app" */;
			compatibilityVersion = "Xcode 9.3";
			developmentRegion = en;
			hasScannedForEncodings = 0;
			knownRegions = (
				en,
				Base,
			);
			mainGroup = 7555FF72242A565900829871;
			productRefGroup = 7555FF7C242A565900829871 /* Products */;
			projectDirPath = "";
			projectRoot = "";
			targets = (
				7555FF7A242A565900829871 /* iosApp */,
			);
		};
/* End PBXProject section */

/* Begin PBXResourcesBuildPhase section */
		7555FF79242A565900829871 /* Resources */ = {
			isa = PBXResourcesBuildPhase;
			buildActionMask = 2147483647;
			files = (
				8BA125802B82360300CA31AF /* lib in Resources */,
				8BA125822B82361A00CA31AF /* include in Resources */,
				8BA125A92B82431800CA31AF /* Binary in Resources */,
				8BA125A42B8242E000CA31AF /* Preview Assets.xcassets in Resources */,
				8BA125A22B8242E000CA31AF /* Assets.xcassets in Resources */,
			);
			runOnlyForDeploymentPostprocessing = 0;
		};
/* End PBXResourcesBuildPhase section */

/* Begin PBXShellScriptBuildPhase section */
		7555FFB5242A651A00829871 /* ShellScript */ = {
			isa = PBXShellScriptBuildPhase;
			alwaysOutOfDate = 1;
			buildActionMask = 2147483647;
			files = (
			);
			inputFileListPaths = (
			);
			inputPaths = (
			);
			outputFileListPaths = (
			);
			outputPaths = (
			);
			runOnlyForDeploymentPostprocessing = 0;
			shellPath = /bin/sh;
			shellScript = "cd \"$SRCROOT/..\"\n./gradlew :pycomposeui:embedAndSignAppleFrameworkForXcode\n./gradlew :common:embedAndSignAppleFrameworkForXcode\n";
		};
		8BA117682B822E2E00CA31AF /* ShellScript */ = {
			isa = PBXShellScriptBuildPhase;
			alwaysOutOfDate = 1;
			buildActionMask = 2147483647;
			files = (
			);
			inputFileListPaths = (
			);
			inputPaths = (
			);
			outputFileListPaths = (
			);
			outputPaths = (
			);
			runOnlyForDeploymentPostprocessing = 0;
			shellPath = /bin/sh;
			shellScript = "cd \"$SRCROOT/../common/src\"\nrsync -av --delete ./commonMain/python/ \"$PROJECT_DIR\"/iosApp/Binary\nrsync -av ./iosMain/python/ \"$PROJECT_DIR\"/iosApp/Binary\n";
		};
		8BA1176A2B822E4300CA31AF /* ShellScript */ = {
			isa = PBXShellScriptBuildPhase;
			alwaysOutOfDate = 1;
			buildActionMask = 2147483647;
			files = (
			);
			inputFileListPaths = (
			);
			inputPaths = (
			);
			outputFileListPaths = (
			);
			outputPaths = (
			);
			runOnlyForDeploymentPostprocessing = 0;
			shellPath = /bin/sh;
			shellScript = "cd \"$SRCROOT/../dist/hostpython3/bin\"\n./python -m compileall -f -b \"$PROJECT_DIR\"/iosApp/Binary\n";
		};
		8BA1176B2B822E4500CA31AF /* ShellScript */ = {
			isa = PBXShellScriptBuildPhase;
			alwaysOutOfDate = 1;
			buildActionMask = 2147483647;
			files = (
			);
			inputFileListPaths = (
			);
			inputPaths = (
			);
			outputFileListPaths = (
			);
			outputPaths = (
			);
			runOnlyForDeploymentPostprocessing = 0;
			shellPath = /bin/sh;
			shellScript = "find \"$PROJECT_DIR\"/iosApp/Binary -regex '.*\\.py' -delete\n";
		};
/* End PBXShellScriptBuildPhase section */

/* Begin PBXSourcesBuildPhase section */
		7555FF77242A565900829871 /* Sources */ = {
			isa = PBXSourcesBuildPhase;
			buildActionMask = 2147483647;
			files = (
				8BB963C72B841238008DF783 /* bridge.m in Sources */,
				8BA125B12B8301AF00CA31AF /* PyFFI.swift in Sources */,
				8BA125A72B8242E000CA31AF /* ContentView.swift in Sources */,
				8BA125A32B8242E000CA31AF /* iOSApp.swift in Sources */,
			);
			runOnlyForDeploymentPostprocessing = 0;
		};
/* End PBXSourcesBuildPhase section */

/* Begin XCBuildConfiguration section */
		7555FFA3242A565B00829871 /* Debug */ = {
			isa = XCBuildConfiguration;
			buildSettings = {
				ALWAYS_SEARCH_USER_PATHS = NO;
				CLANG_ANALYZER_NONNULL = YES;
				CLANG_ANALYZER_NUMBER_OBJECT_CONVERSION = YES_AGGRESSIVE;
				CLANG_CXX_LANGUAGE_STANDARD = "gnu++14";
				CLANG_CXX_LIBRARY = "libc++";
				CLANG_ENABLE_MODULES = YES;
				CLANG_ENABLE_OBJC_ARC = YES;
				CLANG_ENABLE_OBJC_WEAK = YES;
				CLANG_WARN_BLOCK_CAPTURE_AUTORELEASING = YES;
				CLANG_WARN_BOOL_CONVERSION = YES;
				CLANG_WARN_COMMA = YES;
				CLANG_WARN_CONSTANT_CONVERSION = YES;
				CLANG_WARN_DEPRECATED_OBJC_IMPLEMENTATIONS = YES;
				CLANG_WARN_DIRECT_OBJC_ISA_USAGE = YES_ERROR;
				CLANG_WARN_DOCUMENTATION_COMMENTS = YES;
				CLANG_WARN_EMPTY_BODY = YES;
				CLANG_WARN_ENUM_CONVERSION = YES;
				CLANG_WARN_INFINITE_RECURSION = YES;
				CLANG_WARN_INT_CONVERSION = YES;
				CLANG_WARN_NON_LITERAL_NULL_CONVERSION = YES;
				CLANG_WARN_OBJC_IMPLICIT_RETAIN_SELF = YES;
				CLANG_WARN_OBJC_LITERAL_CONVERSION = YES;
				CLANG_WARN_OBJC_ROOT_CLASS = YES_ERROR;
				CLANG_WARN_QUOTED_INCLUDE_IN_FRAMEWORK_HEADER = YES;
				CLANG_WARN_RANGE_LOOP_ANALYSIS = YES;
				CLANG_WARN_STRICT_PROTOTYPES = YES;
				CLANG_WARN_SUSPICIOUS_MOVE = YES;
				CLANG_WARN_UNGUARDED_AVAILABILITY = YES_AGGRESSIVE;
				CLANG_WARN_UNREACHABLE_CODE = YES;
				CLANG_WARN__DUPLICATE_METHOD_MATCH = YES;
				COPY_PHASE_STRIP = NO;
				DEBUG_INFORMATION_FORMAT = "dwarf-with-dsym";
				ENABLE_STRICT_OBJC_MSGSEND = YES;
				ENABLE_TESTABILITY = YES;
				ENABLE_USER_SCRIPT_SANDBOXING = NO;
				GCC_C_LANGUAGE_STANDARD = gnu11;
				GCC_DYNAMIC_NO_PIC = NO;
				GCC_NO_COMMON_BLOCKS = YES;
				GCC_OPTIMIZATION_LEVEL = 0;
				GCC_PREPROCESSOR_DEFINITIONS = (
					"DEBUG=1",
					"$(inherited)",
				);
				GCC_WARN_64_TO_32_BIT_CONVERSION = YES;
				GCC_WARN_ABOUT_RETURN_TYPE = YES_ERROR;
				GCC_WARN_UNDECLARED_SELECTOR = YES;
				GCC_WARN_UNINITIALIZED_AUTOS = YES_AGGRESSIVE;
				GCC_WARN_UNUSED_FUNCTION = YES;
				GCC_WARN_UNUSED_VARIABLE = YES;
				IPHONEOS_DEPLOYMENT_TARGET = 17.2;
				MTL_ENABLE_DEBUG_INFO = INCLUDE_SOURCE;
				MTL_FAST_MATH = YES;
				ONLY_ACTIVE_ARCH = YES;
				SDKROOT = iphoneos;
				SWIFT_ACTIVE_COMPILATION_CONDITIONS = DEBUG;
				SWIFT_OPTIMIZATION_LEVEL = "-Onone";
			};
			name = Debug;
		};
		7555FFA4242A565B00829871 /* Release */ = {
			isa = XCBuildConfiguration;
			buildSettings = {
				ALWAYS_SEARCH_USER_PATHS = NO;
				CLANG_ANALYZER_NONNULL = YES;
				CLANG_ANALYZER_NUMBER_OBJECT_CONVERSION = YES_AGGRESSIVE;
				CLANG_CXX_LANGUAGE_STANDARD = "gnu++14";
				CLANG_CXX_LIBRARY = "libc++";
				CLANG_ENABLE_MODULES = YES;
				CLANG_ENABLE_OBJC_ARC = YES;
				CLANG_ENABLE_OBJC_WEAK = YES;
				CLANG_WARN_BLOCK_CAPTURE_AUTORELEASING = YES;
				CLANG_WARN_BOOL_CONVERSION = YES;
				CLANG_WARN_COMMA = YES;
				CLANG_WARN_CONSTANT_CONVERSION = YES;
				CLANG_WARN_DEPRECATED_OBJC_IMPLEMENTATIONS = YES;
				CLANG_WARN_DIRECT_OBJC_ISA_USAGE = YES_ERROR;
				CLANG_WARN_DOCUMENTATION_COMMENTS = YES;
				CLANG_WARN_EMPTY_BODY = YES;
				CLANG_WARN_ENUM_CONVERSION = YES;
				CLANG_WARN_INFINITE_RECURSION = YES;
				CLANG_WARN_INT_CONVERSION = YES;
				CLANG_WARN_NON_LITERAL_NULL_CONVERSION = YES;
				CLANG_WARN_OBJC_IMPLICIT_RETAIN_SELF = YES;
				CLANG_WARN_OBJC_LITERAL_CONVERSION = YES;
				CLANG_WARN_OBJC_ROOT_CLASS = YES_ERROR;
				CLANG_WARN_QUOTED_INCLUDE_IN_FRAMEWORK_HEADER = YES;
				CLANG_WARN_RANGE_LOOP_ANALYSIS = YES;
				CLANG_WARN_STRICT_PROTOTYPES = YES;
				CLANG_WARN_SUSPICIOUS_MOVE = YES;
				CLANG_WARN_UNGUARDED_AVAILABILITY = YES_AGGRESSIVE;
				CLANG_WARN_UNREACHABLE_CODE = YES;
				CLANG_WARN__DUPLICATE_METHOD_MATCH = YES;
				COPY_PHASE_STRIP = NO;
				DEBUG_INFORMATION_FORMAT = "dwarf-with-dsym";
				ENABLE_NS_ASSERTIONS = NO;
				ENABLE_STRICT_OBJC_MSGSEND = YES;
				ENABLE_USER_SCRIPT_SANDBOXING = NO;
				GCC_C_LANGUAGE_STANDARD = gnu11;
				GCC_NO_COMMON_BLOCKS = YES;
				GCC_WARN_64_TO_32_BIT_CONVERSION = YES;
				GCC_WARN_ABOUT_RETURN_TYPE = YES_ERROR;
				GCC_WARN_UNDECLARED_SELECTOR = YES;
				GCC_WARN_UNINITIALIZED_AUTOS = YES_AGGRESSIVE;
				GCC_WARN_UNUSED_FUNCTION = YES;
				GCC_WARN_UNUSED_VARIABLE = YES;
				IPHONEOS_DEPLOYMENT_TARGET = 17.2;
				MTL_ENABLE_DEBUG_INFO = NO;
				MTL_FAST_MATH = YES;
				SDKROOT = iphoneos;
				SWIFT_COMPILATION_MODE = wholemodule;
				SWIFT_OPTIMIZATION_LEVEL = "-O";
				VALIDATE_PRODUCT = YES;
			};
			name = Release;
		};
		7555FFA6242A565B00829871 /* Debug */ = {
			isa = XCBuildConfiguration;
			buildSettings = {
				ASSETCATALOG_COMPILER_APPICON_NAME = AppIcon;
				CLANG_ENABLE_MODULES = YES;
				CLANG_ENABLE_OBJC_ARC = NO;
				CLANG_ENABLE_OBJC_WEAK = NO;
				CODE_SIGN_STYLE = Automatic;
				DEVELOPMENT_ASSET_PATHS = "\"iosApp/Preview Content\"";
				ENABLE_PREVIEWS = YES;
				FRAMEWORK_SEARCH_PATHS = (
					"$(inherited)",
					"$(SRCROOT)/../common/build/xcode-frameworks/$(CONFIGURATION)/$(SDK_NAME)",
					"$(SRCROOT)/../pycomposeui/build/xcode-frameworks/$(CONFIGURATION)/$(SDK_NAME)",
					"$(SRCROOT)/../dist/xcframework",
				);
				HEADER_SEARCH_PATHS = (
					"$(SRCROOT)/../dist/root/python3/include/python3.11/**",
					"$(SRCROOT)/../dist/include/common/sdl2",
				);
				INFOPLIST_FILE = Info.plist;
				LD_RUNPATH_SEARCH_PATHS = (
					"$(inherited)",
					"@executable_path/Frameworks",
				);
				OTHER_LDFLAGS = (
					"$(inherited)",
					"-framework",
					Common,
				);
				PRODUCT_BUNDLE_IDENTIFIER = orgIdentifier.iosApp;
				PRODUCT_NAME = "$(TARGET_NAME)";
				SWIFT_OBJC_BRIDGING_HEADER = "iosApp/iosApp-Bridging-Header.h";
				SWIFT_OPTIMIZATION_LEVEL = "-Onone";
				SWIFT_VERSION = 5.0;
				TARGETED_DEVICE_FAMILY = "1,2";
			};
			name = Debug;
		};
		7555FFA7242A565B00829871 /* Release */ = {
			isa = XCBuildConfiguration;
			buildSettings = {
				ASSETCATALOG_COMPILER_APPICON_NAME = AppIcon;
				CLANG_ENABLE_MODULES = YES;
				CLANG_ENABLE_OBJC_ARC = NO;
				CLANG_ENABLE_OBJC_WEAK = NO;
				CODE_SIGN_STYLE = Automatic;
				DEVELOPMENT_ASSET_PATHS = "\"iosApp/Preview Content\"";
				ENABLE_PREVIEWS = YES;
				FRAMEWORK_SEARCH_PATHS = (
					"$(inherited)",
					"$(SRCROOT)/../common/build/xcode-frameworks/$(CONFIGURATION)/$(SDK_NAME)",
					"$(SRCROOT)/../dist/xcframework",
				);
				HEADER_SEARCH_PATHS = (
					"$(SRCROOT)/../dist/root/python3/include/python3.11/**",
					"$(SRCROOT)/../dist/include/common/sdl2",
				);
				INFOPLIST_FILE = Info.plist;
				LD_RUNPATH_SEARCH_PATHS = (
					"$(inherited)",
					"@executable_path/Frameworks",
				);
				OTHER_LDFLAGS = (
					"$(inherited)",
					"-framework",
					Common,
				);
				PRODUCT_BUNDLE_IDENTIFIER = orgIdentifier.iosApp;
				PRODUCT_NAME = "$(TARGET_NAME)";
				SWIFT_OBJC_BRIDGING_HEADER = "iosApp/iosApp-Bridging-Header.h";
				SWIFT_VERSION = 5.0;
				TARGETED_DEVICE_FAMILY = "1,2";
			};
			name = Release;
		};
/* End XCBuildConfiguration section */

/* Begin XCConfigurationList section */
		7555FF76242A565900829871 /* Build configuration list for PBXProject "app" */ = {
			isa = XCConfigurationList;
			buildConfigurations = (
				7555FFA3242A565B00829871 /* Debug */,
				7555FFA4242A565B00829871 /* Release */,
			);
			defaultConfigurationIsVisible = 0;
			defaultConfigurationName = Release;
		};
		7555FFA5242A565B00829871 /* Build configuration list for PBXNativeTarget "iosApp" */ = {
			isa = XCConfigurationList;
			buildConfigurations = (
				7555FFA6242A565B00829871 /* Debug */,
				7555FFA7242A565B00829871 /* Release */,
			);
			defaultConfigurationIsVisible = 0;
			defaultConfigurationName = Release;
		};
/* End XCConfigurationList section */
	};
	rootObject = 7555FF73242A565900829871 /* Project object */;
}
